
Microsoft Visual Studio Solution File, Format Version 12.00
# Visual Studio Version 17
VisualStudioVersion = 17.5.33424.131
MinimumVisualStudioVersion = 10.0.40219.1
Project("{FAE04EC0-301F-11D3-BF4B-00C04F79EFBC}") = "Automated Courier Service", "WindowsFormsApp1\Automated Courier Service.csproj", "{EC29F50C-9DA2-408F-9F03-C71BCC41857C}"
EndProject
Project("{9A19103F-16F7-4668-BE54-9A1E7A4F7556}") = "WebApplication1", "WebApplication1\WebApplication1.csproj", "{410004FC-A96D-4236-9CEF-1BECB4451E7F}"
EndProject
Project("{9A19103F-16F7-4668-BE54-9A1E7A4F7556}") = "BlazorApp1", "BlazorApp1\BlazorApp1.csproj", "{169E201D-2258-4984-ACB6-994C24DB0996}"
EndProject
Project("{54435603-DBB4-11D2-8724-00A0C9A8B90C}") = "Automated Courier and Parcel Service", "Automated Courier and Parcel Service\Automated Courier and Parcel Service.vdproj", "{ABC22FB6-926E-4895-BBE5-805E521AF861}"
EndProject
Global
	GlobalSection(SolutionConfigurationPlatforms) = preSolution
		Debug|Any CPU = Debug|Any CPU
		Release|Any CPU = Release|Any CPU
	EndGlobalSection
	GlobalSection(ProjectConfigurationPlatforms) = postSolution
		{EC29F50C-9DA2-408F-9F03-C71BCC41857C}.Debug|Any CPU.ActiveCfg = Debug|Any CPU
		{EC29F50C-9DA2-408F-9F03-C71BCC41857C}.Debug|Any CPU.Build.0 = Debug|Any CPU
		{EC29F50C-9DA2-408F-9F03-C71BCC41857C}.Release|Any CPU.ActiveCfg = Release|Any CPU
		{EC29F50C-9DA2-408F-9F03-C71BCC41857C}.Release|Any CPU.Build.0 = Release|Any CPU
		{410004FC-A96D-4236-9CEF-1BECB4451E7F}.Debug|Any CPU.ActiveCfg = Debug|Any CPU
		{410004FC-A96D-4236-9CEF-1BECB4451E7F}.Debug|Any CPU.Build.0 = Debug|Any CPU
		{410004FC-A96D-4236-9CEF-1BECB4451E7F}.Release|Any CPU.ActiveCfg = Release|Any CPU
		{410004FC-A96D-4236-9CEF-1BECB4451E7F}.Release|Any CPU.Build.0 = Release|Any CPU
		{169E201D-2258-4984-ACB6-994C24DB0996}.Debug|Any CPU.ActiveCfg = Debug|Any CPU
		{169E201D-2258-4984-ACB6-994C24DB0996}.Debug|Any CPU.Build.0 = Debug|Any CPU
		{169E201D-2258-4984-ACB6-994C24DB0996}.Release|Any CPU.ActiveCfg = Release|Any CPU
		{169E201D-2258-4984-ACB6-994C24DB0996}.Release|Any CPU.Build.0 = Release|Any CPU
		{ABC22FB6-926E-4895-BBE5-805E521AF861}.Debug|Any CPU.ActiveCfg = Debug
		{ABC22FB6-926E-4895-BBE5-805E521AF861}.Release|Any CPU.ActiveCfg = Release
	EndGlobalSection
	GlobalSection(SolutionProperties) = preSolution
		HideSolutionNode = FALSE
	EndGlobalSection
	GlobalSection(ExtensibilityGlobals) = postSolution
		SolutionGuid = {FDC75471-553C-4603-B921-A3CCA66CB923}
	EndGlobalSection
EndGlobal
